// !$*UTF8*$!
{
	archiveVersion = 1;
	classes = {
	};
	objectVersion = 46;
	objects = {

/* Begin PBXBuildFile section */
		043728FC1CC8642A00B26AF1 /* Impact.ttf in Resources */ = {isa = PBXBuildFile; fileRef = 043728FB1CC8642A00B26AF1 /* Impact.ttf */; };
		04A825671CBDEB110099425A /* CustomMemeCell.swift in Sources */ = {isa = PBXBuildFile; fileRef = 04A825661CBDEB110099425A /* CustomMemeCell.swift */; };
		04A825691CBDFB360099425A /* MemeDetailViewController.swift in Sources */ = {isa = PBXBuildFile; fileRef = 04A825681CBDFB360099425A /* MemeDetailViewController.swift */; };
		04BCA4DA1CBCBDD80056577A /* AppDelegate.swift in Sources */ = {isa = PBXBuildFile; fileRef = 04BCA4D91CBCBDD80056577A /* AppDelegate.swift */; };
		04BCA4DF1CBCBDD80056577A /* Main.storyboard in Resources */ = {isa = PBXBuildFile; fileRef = 04BCA4DD1CBCBDD80056577A /* Main.storyboard */; };
		04BCA4E11CBCBDD80056577A /* Assets.xcassets in Resources */ = {isa = PBXBuildFile; fileRef = 04BCA4E01CBCBDD80056577A /* Assets.xcassets */; };
		04BCA4E41CBCBDD80056577A /* LaunchScreen.storyboard in Resources */ = {isa = PBXBuildFile; fileRef = 04BCA4E21CBCBDD80056577A /* LaunchScreen.storyboard */; };
		04BCA4EC1CBCC2F10056577A /* MemeEditViewController.swift in Sources */ = {isa = PBXBuildFile; fileRef = 04BCA4EB1CBCC2F10056577A /* MemeEditViewController.swift */; };
		04BCA4F01CBCCA3F0056577A /* SentMemesTableViewController.swift in Sources */ = {isa = PBXBuildFile; fileRef = 04BCA4EF1CBCCA3F0056577A /* SentMemesTableViewController.swift */; };
		04BCA4F21CBCCC150056577A /* Meme.swift in Sources */ = {isa = PBXBuildFile; fileRef = 04BCA4F11CBCCC150056577A /* Meme.swift */; };
		04BCA4F41CBCCCE30056577A /* SentMemesCollectionViewController.swift in Sources */ = {isa = PBXBuildFile; fileRef = 04BCA4F31CBCCCE30056577A /* SentMemesCollectionViewController.swift */; };
/* End PBXBuildFile section */

/* Begin PBXFileReference section */
		043728FB1CC8642A00B26AF1 /* Impact.ttf */ = {isa = PBXFileReference; lastKnownFileType = file; name = Impact.ttf; path = MemeMePro/Impact.ttf; sourceTree = "<group>"; };
		04A825661CBDEB110099425A /* CustomMemeCell.swift */ = {isa = PBXFileReference; fileEncoding = 4; lastKnownFileType = sourcecode.swift; path = CustomMemeCell.swift; sourceTree = "<group>"; };
		04A825681CBDFB360099425A /* MemeDetailViewController.swift */ = {isa = PBXFileReference; fileEncoding = 4; lastKnownFileType = sourcecode.swift; path = MemeDetailViewController.swift; sourceTree = "<group>"; };
		04BCA4D61CBCBDD80056577A /* MemeMePro.app */ = {isa = PBXFileReference; explicitFileType = wrapper.application; includeInIndex = 0; path = MemeMePro.app; sourceTree = BUILT_PRODUCTS_DIR; };
		04BCA4D91CBCBDD80056577A /* AppDelegate.swift */ = {isa = PBXFileReference; lastKnownFileType = sourcecode.swift; path = AppDelegate.swift; sourceTree = "<group>"; };
		04BCA4DE1CBCBDD80056577A /* Base */ = {isa = PBXFileReference; lastKnownFileType = file.storyboard; name = Base; path = Base.lproj/Main.storyboard; sourceTree = "<group>"; };
		04BCA4E01CBCBDD80056577A /* Assets.xcassets */ = {isa = PBXFileReference; lastKnownFileType = folder.assetcatalog; path = Assets.xcassets; sourceTree = "<group>"; };
		04BCA4E31CBCBDD80056577A /* Base */ = {isa = PBXFileReference; lastKnownFileType = file.storyboard; name = Base; path = Base.lproj/LaunchScreen.storyboard; sourceTree = "<group>"; };
		04BCA4E51CBCBDD80056577A /* Info.plist */ = {isa = PBXFileReference; lastKnownFileType = text.plist.xml; path = Info.plist; sourceTree = "<group>"; };
		04BCA4EB1CBCC2F10056577A /* MemeEditViewController.swift */ = {isa = PBXFileReference; fileEncoding = 4; lastKnownFileType = sourcecode.swift; path = MemeEditViewController.swift; sourceTree = "<group>"; };
		04BCA4EF1CBCCA3F0056577A /* SentMemesTableViewController.swift */ = {isa = PBXFileReference; fileEncoding = 4; lastKnownFileType = sourcecode.swift; path = SentMemesTableViewController.swift; sourceTree = "<group>"; };
		04BCA4F11CBCCC150056577A /* Meme.swift */ = {isa = PBXFileReference; fileEncoding = 4; lastKnownFileType = sourcecode.swift; path = Meme.swift; sourceTree = "<group>"; };
		04BCA4F31CBCCCE30056577A /* SentMemesCollectionViewController.swift */ = {isa = PBXFileReference; fileEncoding = 4; lastKnownFileType = sourcecode.swift; path = SentMemesCollectionViewController.swift; sourceTree = "<group>"; };
/* End PBXFileReference section */

/* Begin PBXFrameworksBuildPhase section */
		04BCA4D31CBCBDD80056577A /* Frameworks */ = {
			isa = PBXFrameworksBuildPhase;
			buildActionMask = 2147483647;
			files = (
			);
			runOnlyForDeploymentPostprocessing = 0;
		};
/* End PBXFrameworksBuildPhase section */

/* Begin PBXGroup section */
		043728FD1CC8646D00B26AF1 /* Resources */ = {
			isa = PBXGroup;
			children = (
				043728FB1CC8642A00B26AF1 /* Impact.ttf */,
			);
			name = Resources;
			sourceTree = "<group>";
		};
		04BCA4CD1CBCBDD70056577A = {
			isa = PBXGroup;
			children = (
				043728FD1CC8646D00B26AF1 /* Resources */,
				04BCA4D81CBCBDD80056577A /* MemeMePro */,
				04BCA4D71CBCBDD80056577A /* Products */,
			);
			sourceTree = "<group>";
		};
		04BCA4D71CBCBDD80056577A /* Products */ = {
			isa = PBXGroup;
			children = (
				04BCA4D61CBCBDD80056577A /* MemeMePro.app */,
			);
			name = Products;
			sourceTree = "<group>";
		};
		04BCA4D81CBCBDD80056577A /* MemeMePro */ = {
			isa = PBXGroup;
			children = (
				04BCA4D91CBCBDD80056577A /* AppDelegate.swift */,
				04BCA4DD1CBCBDD80056577A /* Main.storyboard */,
				04A825681CBDFB360099425A /* MemeDetailViewController.swift */,
				04BCA4EB1CBCC2F10056577A /* MemeEditViewController.swift */,
				04BCA4F11CBCCC150056577A /* Meme.swift */,
				04BCA4E01CBCBDD80056577A /* Assets.xcassets */,
				04BCA4E21CBCBDD80056577A /* LaunchScreen.storyboard */,
				04BCA4E51CBCBDD80056577A /* Info.plist */,
				04BCA4EF1CBCCA3F0056577A /* SentMemesTableViewController.swift */,
				04BCA4F31CBCCCE30056577A /* SentMemesCollectionViewController.swift */,
				04A825661CBDEB110099425A /* CustomMemeCell.swift */,
			);
			path = MemeMePro;
			sourceTree = "<group>";
		};
/* End PBXGroup section */

/* Begin PBXNativeTarget section */
		04BCA4D51CBCBDD80056577A /* MemeMePro */ = {
			isa = PBXNativeTarget;
			buildConfigurationList = 04BCA4E81CBCBDD80056577A /* Build configuration list for PBXNativeTarget "MemeMePro" */;
			buildPhases = (
				04BCA4D21CBCBDD80056577A /* Sources */,
				04BCA4D31CBCBDD80056577A /* Frameworks */,
				04BCA4D41CBCBDD80056577A /* Resources */,
			);
			buildRules = (
			);
			dependencies = (
			);
			name = MemeMePro;
			productName = MemeMePro;
			productReference = 04BCA4D61CBCBDD80056577A /* MemeMePro.app */;
			productType = "com.apple.product-type.application";
		};
/* End PBXNativeTarget section */

/* Begin PBXProject section */
		04BCA4CE1CBCBDD70056577A /* Project object */ = {
			isa = PBXProject;
			attributes = {
				LastSwiftUpdateCheck = 0730;
				LastUpgradeCheck = 0730;
				ORGANIZATIONNAME = "Dean Martindale";
				TargetAttributes = {
					04BCA4D51CBCBDD80056577A = {
						CreatedOnToolsVersion = 7.3;
						DevelopmentTeam = SF2PYW732K;
					};
				};
			};
			buildConfigurationList = 04BCA4D11CBCBDD70056577A /* Build configuration list for PBXProject "MemeMePro" */;
			compatibilityVersion = "Xcode 3.2";
			developmentRegion = English;
			hasScannedForEncodings = 0;
			knownRegions = (
				en,
				Base,
			);
			mainGroup = 04BCA4CD1CBCBDD70056577A;
			productRefGroup = 04BCA4D71CBCBDD80056577A /* Products */;
			projectDirPath = "";
			projectRoot = "";
			targets = (
				04BCA4D51CBCBDD80056577A /* MemeMePro */,
			);
		};
/* End PBXProject section */

/* Begin PBXResourcesBuildPhase section */
		04BCA4D41CBCBDD80056577A /* Resources */ = {
			isa = PBXResourcesBuildPhase;
			buildActionMask = 2147483647;
			files = (
				043728FC1CC8642A00B26AF1 /* Impact.ttf in Resources */,
				04BCA4E41CBCBDD80056577A /* LaunchScreen.storyboard in Resources */,
				04BCA4E11CBCBDD80056577A /* Assets.xcassets in Resources */,
				04BCA4DF1CBCBDD80056577A /* Main.storyboard in Resources */,
			);
			runOnlyForDeploymentPostprocessing = 0;
		};
/* End PBXResourcesBuildPhase section */

/* Begin PBXSourcesBuildPhase section */
		04BCA4D21CBCBDD80056577A /* Sources */ = {
			isa = PBXSourcesBuildPhase;
			buildActionMask = 2147483647;
			files = (
				04BCA4EC1CBCC2F10056577A /* MemeEditViewController.swift in Sources */,
				04BCA4F01CBCCA3F0056577A /* SentMemesTableViewController.swift in Sources */,
				04BCA4F41CBCCCE30056577A /* SentMemesCollectionViewController.swift in Sources */,
				04A825671CBDEB110099425A /* CustomMemeCell.swift in Sources */,
				04BCA4DA1CBCBDD80056577A /* AppDelegate.swift in Sources */,
				04BCA4F21CBCCC150056577A /* Meme.swift in Sources */,
				04A825691CBDFB360099425A /* MemeDetailViewController.swift in Sources */,
			);
			runOnlyForDeploymentPostprocessing = 0;
		};
/* End PBXSourcesBuildPhase section */

/* Begin PBXVariantGroup section */
		04BCA4DD1CBCBDD80056577A /* Main.storyboard */ = {
			isa = PBXVariantGroup;
			children = (
				04BCA4DE1CBCBDD80056577A /* Base */,
			);
			name = Main.storyboard;
			sourceTree = "<group>";
		};
		04BCA4E21CBCBDD80056577A /* LaunchScreen.storyboard */ = {
			isa = PBXVariantGroup;
			children = (
				04BCA4E31CBCBDD80056577A /* Base */,
			);
			name = LaunchScreen.storyboard;
			sourceTree = "<group>";
		};
/* End PBXVariantGroup section */

/* Begin XCBuildConfiguration section */
		04BCA4E61CBCBDD80056577A /* Debug */ = {
			isa = XCBuildConfiguration;
			buildSettings = {
				ALWAYS_SEARCH_USER_PATHS = NO;
				CLANG_ANALYZER_NONNULL = YES;
				CLANG_CXX_LANGUAGE_STANDARD = "gnu++0x";
				CLANG_CXX_LIBRARY = "libc++";
				CLANG_ENABLE_MODULES = YES;
				CLANG_ENABLE_OBJC_ARC = YES;
				CLANG_WARN_BOOL_CONVERSION = YES;
				CLANG_WARN_CONSTANT_CONVERSION = YES;
				CLANG_WARN_DIRECT_OBJC_ISA_USAGE = YES_ERROR;
				CLANG_WARN_EMPTY_BODY = YES;
				CLANG_WARN_ENUM_CONVERSION = YES;
				CLANG_WARN_INT_CONVERSION = YES;
				CLANG_WARN_OBJC_ROOT_CLASS = YES_ERROR;
				CLANG_WARN_UNREACHABLE_CODE = YES;
				CLANG_WARN__DUPLICATE_METHOD_MATCH = YES;
				"CODE_SIGN_IDENTITY[sdk=iphoneos*]" = "iPhone Developer";
				COPY_PHASE_STRIP = NO;
				DEBUG_INFORMATION_FORMAT = dwarf;
				ENABLE_STRICT_OBJC_MSGSEND = YES;
				ENABLE_TESTABILITY = YES;
				GCC_C_LANGUAGE_STANDARD = gnu99;
				GCC_DYNAMIC_NO_PIC = NO;
				GCC_NO_COMMON_BLOCKS = YES;
				GCC_OPTIMIZATION_LEVEL = 0;
				GCC_PREPROCESSOR_DEFINITIONS = (
					"DEBUG=1",
					"$(inherited)",
				);
				GCC_WARN_64_TO_32_BIT_CONVERSION = YES;
				GCC_WARN_ABOUT_RETURN_TYPE = YES_ERROR;
				GCC_WARN_UNDECLARED_SELECTOR = YES;
				GCC_WARN_UNINITIALIZED_AUTOS = YES_AGGRESSIVE;
				GCC_WARN_UNUSED_FUNCTION = YES;
				GCC_WARN_UNUSED_VARIABLE = YES;
				IPHONEOS_DEPLOYMENT_TARGET = 9.3;
				MTL_ENABLE_DEBUG_INFO = YES;
				ONLY_ACTIVE_ARCH = YES;
				SDKROOT = iphoneos;
				SWIFT_OPTIMIZATION_LEVEL = "-Onone";
				TARGETED_DEVICE_FAMILY = "1,2";
			};
			name = Debug;
		};
		04BCA4E71CBCBDD80056577A /* Release */ = {
			isa = XCBuildConfiguration;
			buildSettings = {
				ALWAYS_SEARCH_USER_PATHS = NO;
				CLANG_ANALYZER_NONNULL = YES;
				CLANG_CXX_LANGUAGE_STANDARD = "gnu++0x";
				CLANG_CXX_LIBRARY = "libc++";
				CLANG_ENABLE_MODULES = YES;
				CLANG_ENABLE_OBJC_ARC = YES;
				CLANG_WARN_BOOL_CONVERSION = YES;
				CLANG_WARN_CONSTANT_CONVERSION = YES;
				CLANG_WARN_DIRECT_OBJC_ISA_USAGE = YES_ERROR;
				CLANG_WARN_EMPTY_BODY = YES;
				CLANG_WARN_ENUM_CONVERSION = YES;
				CLANG_WARN_INT_CONVERSION = YES;
				CLANG_WARN_OBJC_ROOT_CLASS = YES_ERROR;
				CLANG_WARN_UNREACHABLE_CODE = YES;
				CLANG_WARN__DUPLICATE_METHOD_MATCH = YES;
				"CODE_SIGN_IDENTITY[sdk=iphoneos*]" = "iPhone Developer";
				COPY_PHASE_STRIP = NO;
				DEBUG_INFORMATION_FORMAT = "dwarf-with-dsym";
				ENABLE_NS_ASSERTIONS = NO;
				ENABLE_STRICT_OBJC_MSGSEND = YES;
				GCC_C_LANGUAGE_STANDARD = gnu99;
				GCC_NO_COMMON_BLOCKS = YES;
				GCC_WARN_64_TO_32_BIT_CONVERSION = YES;
				GCC_WARN_ABOUT_RETURN_TYPE = YES_ERROR;
				GCC_WARN_UNDECLARED_SELECTOR = YES;
				GCC_WARN_UNINITIALIZED_AUTOS = YES_AGGRESSIVE;
				GCC_WARN_UNUSED_FUNCTION = YES;
				GCC_WARN_UNUSED_VARIABLE = YES;
				IPHONEOS_DEPLOYMENT_TARGET = 9.3;
				MTL_ENABLE_DEBUG_INFO = NO;
				SDKROOT = iphoneos;
				TARGETED_DEVICE_FAMILY = "1,2";
				VALIDATE_PRODUCT = YES;
			};
			name = Release;
		};
		04BCA4E91CBCBDD80056577A /* Debug */ = {
			isa = XCBuildConfiguration;
			buildSettings = {
				ASSETCATALOG_COMPILER_APPICON_NAME = AppIcon;
				CODE_SIGN_IDENTITY = "iPhone Developer";
				"CODE_SIGN_IDENTITY[sdk=iphoneos*]" = "iPhone Developer";
				INFOPLIST_FILE = MemeMePro/Info.plist;
				LD_RUNPATH_SEARCH_PATHS = "$(inherited) @executable_path/Frameworks";
				PRODUCT_BUNDLE_IDENTIFIER = com.bitbaker.MemeMePro;
				PRODUCT_NAME = "$(TARGET_NAME)";
				PROVISIONING_PROFILE = "";
			};
			name = Debug;
		};
		04BCA4EA1CBCBDD80056577A /* Release */ = {
			isa = XCBuildConfiguration;
			buildSettings = {
				ASSETCATALOG_COMPILER_APPICON_NAME = AppIcon;
				CODE_SIGN_IDENTITY = "iPhone Developer";
				"CODE_SIGN_IDENTITY[sdk=iphoneos*]" = "iPhone Developer";
				INFOPLIST_FILE = MemeMePro/Info.plist;
				LD_RUNPATH_SEARCH_PATHS = "$(inherited) @executable_path/Frameworks";
				PRODUCT_BUNDLE_IDENTIFIER = com.bitbaker.MemeMePro;
				PRODUCT_NAME = "$(TARGET_NAME)";
				PROVISIONING_PROFILE = "";
			};
			name = Release;
		};
/* End XCBuildConfiguration section */

/* Begin XCConfigurationList section */
		04BCA4D11CBCBDD70056577A /* Build configuration list for PBXProject "MemeMePro" */ = {
			isa = XCConfigurationList;
			buildConfigurations = (
				04BCA4E61CBCBDD80056577A /* Debug */,
				04BCA4E71CBCBDD80056577A /* Release */,
			);
			defaultConfigurationIsVisible = 0;
			defaultConfigurationName = Release;
		};
		04BCA4E81CBCBDD80056577A /* Build configuration list for PBXNativeTarget "MemeMePro" */ = {
			isa = XCConfigurationList;
			buildConfigurations = (
				04BCA4E91CBCBDD80056577A /* Debug */,
				04BCA4EA1CBCBDD80056577A /* Release */,
			);
			defaultConfigurationIsVisible = 0;
			defaultConfigurationName = Release;
		};
/* End XCConfigurationList section */
	};
	rootObject = 04BCA4CE1CBCBDD70056577A /* Project object */;
}
